
Microsoft Visual Studio Solution File, Format Version 12.00
# Visual Studio 15
VisualStudioVersion = 15.0.28010.2003
MinimumVisualStudioVersion = 10.0.40219.1
Project("{FAE04EC0-301F-11D3-BF4B-00C04F79EFBC}") = "Alexa.NET.Settings", "Alexa.NET.Settings\Alexa.NET.Settings.csproj", "{AA4FC9AA-39F7-47C6-B6B8-4C05B3B7259D}"
EndProject
Project("{FAE04EC0-301F-11D3-BF4B-00C04F79EFBC}") = "Alexa.NET.Settings.Tests", "Alexa.NET.Settings.Tests\Alexa.NET.Settings.Tests.csproj", "{9BE2DA0B-BD6B-4042-9181-3B255770A1A8}"
EndProject
Global
	GlobalSection(SolutionConfigurationPlatforms) = preSolution
		Debug|Any CPU = Debug|Any CPU
		Release|Any CPU = Release|Any CPU
	EndGlobalSection
	GlobalSection(ProjectConfigurationPlatforms) = postSolution
		{AA4FC9AA-39F7-47C6-B6B8-4C05B3B7259D}.Debug|Any CPU.ActiveCfg = Debug|Any CPU
		{AA4FC9AA-39F7-47C6-B6B8-4C05B3B7259D}.Debug|Any CPU.Build.0 = Debug|Any CPU
		{AA4FC9AA-39F7-47C6-B6B8-4C05B3B7259D}.Release|Any CPU.ActiveCfg = Release|Any CPU
		{AA4FC9AA-39F7-47C6-B6B8-4C05B3B7259D}.Release|Any CPU.Build.0 = Release|Any CPU
		{9BE2DA0B-BD6B-4042-9181-3B255770A1A8}.Debug|Any CPU.ActiveCfg = Debug|Any CPU
		{9BE2DA0B-BD6B-4042-9181-3B255770A1A8}.Debug|Any CPU.Build.0 = Debug|Any CPU
		{9BE2DA0B-BD6B-4042-9181-3B255770A1A8}.Release|Any CPU.ActiveCfg = Release|Any CPU
		{9BE2DA0B-BD6B-4042-9181-3B255770A1A8}.Release|Any CPU.Build.0 = Release|Any CPU
	EndGlobalSection
	GlobalSection(SolutionProperties) = preSolution
		HideSolutionNode = FALSE
	EndGlobalSection
	GlobalSection(ExtensibilityGlobals) = postSolution
		SolutionGuid = {D3A4DF62-B12B-438F-9AB3-F856B76DC8CA}
	EndGlobalSection
EndGlobal
